
Microsoft Visual Studio Solution File, Format Version 12.00
# Visual Studio Version 17
VisualStudioVersion = 17.0.31903.59
MinimumVisualStudioVersion = 10.0.40219.1
Project("{2150E333-8FDC-42A3-9474-1A3956D46DE8}") = "src", "src", "{E5A3279C-71B7-4DC3-A838-503A918F4B91}"
EndProject
Project("{2150E333-8FDC-42A3-9474-1A3956D46DE8}") = "Core", "Core", "{0E3487BC-6D8E-4D10-A84F-21B68A812387}"
EndProject
Project("{FAE04EC0-301F-11D3-BF4B-00C04F79EFBC}") = "AMS.Domain", "src\Core\AMS.Domain\AMS.Domain.csproj", "{A37ED337-D820-43C0-8336-8A55030F2747}"
EndProject
Project("{FAE04EC0-301F-11D3-BF4B-00C04F79EFBC}") = "AMS.Application", "src\Core\AMS.Application\AMS.Application.csproj", "{3A3A0A5B-9E5E-4E04-B95E-BE4C395171FC}"
EndProject
Project("{2150E333-8FDC-42A3-9474-1A3956D46DE8}") = "Infrastructure", "Infrastructure", "{8767F760-78D3-415D-8D9C-69140622240B}"
EndProject
Project("{FAE04EC0-301F-11D3-BF4B-00C04F79EFBC}") = "AMS.Infrastructure", "src\Infrastructure\AMS.Infrastructure\AMS.Infrastructure.csproj", "{57B586B6-409B-4922-9A32-C4C80039D64F}"
EndProject
Project("{FAE04EC0-301F-11D3-BF4B-00C04F79EFBC}") = "AMS.Persistence", "src\Infrastructure\AMS.Persistence\AMS.Persistence.csproj", "{277EE2AA-D982-4329-9BD9-5E7BBE7EBEA6}"
EndProject
Project("{2150E333-8FDC-42A3-9474-1A3956D46DE8}") = "Presentation", "Presentation", "{D2638E9E-3C96-4C1C-8C60-D2EC9EA58245}"
EndProject
Project("{FAE04EC0-301F-11D3-BF4B-00C04F79EFBC}") = "AMS.Api", "src\Presentation\AMS.Api\AMS.Api.csproj", "{C03FF4C9-EE26-4DC2-BE43-59E26C088F67}"
EndProject
Global
	GlobalSection(SolutionConfigurationPlatforms) = preSolution
		Debug|Any CPU = Debug|Any CPU
		Release|Any CPU = Release|Any CPU
	EndGlobalSection
	GlobalSection(SolutionProperties) = preSolution
		HideSolutionNode = FALSE
	EndGlobalSection
	GlobalSection(ProjectConfigurationPlatforms) = postSolution
		{A37ED337-D820-43C0-8336-8A55030F2747}.Debug|Any CPU.ActiveCfg = Debug|Any CPU
		{A37ED337-D820-43C0-8336-8A55030F2747}.Debug|Any CPU.Build.0 = Debug|Any CPU
		{A37ED337-D820-43C0-8336-8A55030F2747}.Release|Any CPU.ActiveCfg = Release|Any CPU
		{A37ED337-D820-43C0-8336-8A55030F2747}.Release|Any CPU.Build.0 = Release|Any CPU
		{3A3A0A5B-9E5E-4E04-B95E-BE4C395171FC}.Debug|Any CPU.ActiveCfg = Debug|Any CPU
		{3A3A0A5B-9E5E-4E04-B95E-BE4C395171FC}.Debug|Any CPU.Build.0 = Debug|Any CPU
		{3A3A0A5B-9E5E-4E04-B95E-BE4C395171FC}.Release|Any CPU.ActiveCfg = Release|Any CPU
		{3A3A0A5B-9E5E-4E04-B95E-BE4C395171FC}.Release|Any CPU.Build.0 = Release|Any CPU
		{57B586B6-409B-4922-9A32-C4C80039D64F}.Debug|Any CPU.ActiveCfg = Debug|Any CPU
		{57B586B6-409B-4922-9A32-C4C80039D64F}.Debug|Any CPU.Build.0 = Debug|Any CPU
		{57B586B6-409B-4922-9A32-C4C80039D64F}.Release|Any CPU.ActiveCfg = Release|Any CPU
		{57B586B6-409B-4922-9A32-C4C80039D64F}.Release|Any CPU.Build.0 = Release|Any CPU
		{277EE2AA-D982-4329-9BD9-5E7BBE7EBEA6}.Debug|Any CPU.ActiveCfg = Debug|Any CPU
		{277EE2AA-D982-4329-9BD9-5E7BBE7EBEA6}.Debug|Any CPU.Build.0 = Debug|Any CPU
		{277EE2AA-D982-4329-9BD9-5E7BBE7EBEA6}.Release|Any CPU.ActiveCfg = Release|Any CPU
		{277EE2AA-D982-4329-9BD9-5E7BBE7EBEA6}.Release|Any CPU.Build.0 = Release|Any CPU
		{C03FF4C9-EE26-4DC2-BE43-59E26C088F67}.Debug|Any CPU.ActiveCfg = Debug|Any CPU
		{C03FF4C9-EE26-4DC2-BE43-59E26C088F67}.Debug|Any CPU.Build.0 = Debug|Any CPU
		{C03FF4C9-EE26-4DC2-BE43-59E26C088F67}.Release|Any CPU.ActiveCfg = Release|Any CPU
		{C03FF4C9-EE26-4DC2-BE43-59E26C088F67}.Release|Any CPU.Build.0 = Release|Any CPU
	EndGlobalSection
	GlobalSection(NestedProjects) = preSolution
		{0E3487BC-6D8E-4D10-A84F-21B68A812387} = {E5A3279C-71B7-4DC3-A838-503A918F4B91}
		{A37ED337-D820-43C0-8336-8A55030F2747} = {0E3487BC-6D8E-4D10-A84F-21B68A812387}
		{3A3A0A5B-9E5E-4E04-B95E-BE4C395171FC} = {0E3487BC-6D8E-4D10-A84F-21B68A812387}
		{8767F760-78D3-415D-8D9C-69140622240B} = {E5A3279C-71B7-4DC3-A838-503A918F4B91}
		{57B586B6-409B-4922-9A32-C4C80039D64F} = {8767F760-78D3-415D-8D9C-69140622240B}
		{277EE2AA-D982-4329-9BD9-5E7BBE7EBEA6} = {8767F760-78D3-415D-8D9C-69140622240B}
		{D2638E9E-3C96-4C1C-8C60-D2EC9EA58245} = {E5A3279C-71B7-4DC3-A838-503A918F4B91}
		{C03FF4C9-EE26-4DC2-BE43-59E26C088F67} = {D2638E9E-3C96-4C1C-8C60-D2EC9EA58245}
	EndGlobalSection
EndGlobal
